
Microsoft Visual Studio Solution File, Format Version 12.00
# Visual Studio 15
VisualStudioVersion = 15.0.27428.2037
MinimumVisualStudioVersion = 10.0.40219.1
Project("{8BC9CEB8-8B4A-11D0-8D11-00A0C91BC942}") = "KindaFastMatrixLibrary", "KindaFastMatrixLibrary\KindaFastMatrixLibrary.vcxproj", "{4EA2EE4D-D11D-449C-B1E7-389E4B08B969}"
EndProject
Global
	GlobalSection(SolutionConfigurationPlatforms) = preSolution
		Debug|x64 = Debug|x64
		Debug|x86 = Debug|x86
		Release|x64 = Release|x64
		Release|x86 = Release|x86
	EndGlobalSection
	GlobalSection(ProjectConfigurationPlatforms) = postSolution
		{4EA2EE4D-D11D-449C-B1E7-389E4B08B969}.Debug|x64.ActiveCfg = Debug|x64
		{4EA2EE4D-D11D-449C-B1E7-389E4B08B969}.Debug|x64.Build.0 = Debug|x64
		{4EA2EE4D-D11D-449C-B1E7-389E4B08B969}.Debug|x86.ActiveCfg = Debug|Win32
		{4EA2EE4D-D11D-449C-B1E7-389E4B08B969}.Debug|x86.Build.0 = Debug|Win32
		{4EA2EE4D-D11D-449C-B1E7-389E4B08B969}.Release|x64.ActiveCfg = Release|x64
		{4EA2EE4D-D11D-449C-B1E7-389E4B08B969}.Release|x64.Build.0 = Release|x64
		{4EA2EE4D-D11D-449C-B1E7-389E4B08B969}.Release|x86.ActiveCfg = Release|Win32
		{4EA2EE4D-D11D-449C-B1E7-389E4B08B969}.Release|x86.Build.0 = Release|Win32
	EndGlobalSection
	GlobalSection(SolutionProperties) = preSolution
		HideSolutionNode = FALSE
	EndGlobalSection
	GlobalSection(ExtensibilityGlobals) = postSolution
		SolutionGuid = {D4DC093D-D315-4EEF-A43C-701B4BEEB08D}
	EndGlobalSection
EndGlobal
